<?xml version="1.0" encoding="UTF-8" standalone="yes" ?>
<CodeBlocks_project_file>
	<FileVersion major="1" minor="6" />
	<Project>
		<Option title="ADA" />
		<Option pch_mode="2" />
		<Option compiler="gcc" />
		<Build>
			<Target title="Debug">
				<Option output="bin/Debug/ADA" prefix_auto="1" extension_auto="1" />
				<Option object_output="obj/Debug/" />
				<Option type="1" />
				<Option compiler="gcc" />
				<Compiler>
					<Add option="-g" />
				</Compiler>
			</Target>
			<Target title="Release">
				<Option output="bin/Release/ADA" prefix_auto="1" extension_auto="1" />
				<Option object_output="obj/Release/" />
				<Option type="1" />
				<Option compiler="gcc" />
				<Compiler>
					<Add option="-O2" />
				</Compiler>
				<Linker>
					<Add option="-s" />
				</Linker>
			</Target>
		</Build>
		<Compiler>
			<Add option="-Wall" />
			<Add option="-fexceptions" />
		</Compiler>
		<Unit filename="bfs.cc">
			<Option compile="0" />
			<Option link="0" />
		</Unit>
		<Unit filename="binomial.cc">
			<Option compile="0" />
			<Option link="0" />
		</Unit>
		<Unit filename="dfs.cc">
			<Option compile="0" />
			<Option link="0" />
		</Unit>
		<Unit filename="dijkstra.cc">
			<Option compile="0" />
			<Option link="0" />
		</Unit>
		<Unit filename="floyd.cc">
			<Option compile="0" />
			<Option link="0" />
		</Unit>
		<Unit filename="heapsort.cc">
			<Option compile="0" />
			<Option link="0" />
		</Unit>
		<Unit filename="horsepool.cc">
			<Option compile="0" />
			<Option link="0" />
		</Unit>
		<Unit filename="insertionsort.cc">
			<Option compile="0" />
			<Option link="0" />
		</Unit>
		<Unit filename="knapsack.cc">
			<Option compile="0" />
			<Option link="0" />
		</Unit>
		<Unit filename="kruskal_algo.cc">
			<Option compile="0" />
			<Option link="0" />
		</Unit>
		<Unit filename="mergesort.cc">
			<Option compile="0" />
			<Option link="0" />
		</Unit>
		<Unit filename="nqueen.cc" />
		<Unit filename="prims_algo.cc">
			<Option compile="0" />
			<Option link="0" />
		</Unit>
		<Unit filename="quicksorttt.cc">
			<Option compile="0" />
			<Option link="0" />
		</Unit>
		<Unit filename="subset.cc">
			<Option compile="0" />
			<Option link="0" />
		</Unit>
		<Unit filename="warshall.cc">
			<Option compile="0" />
			<Option link="0" />
		</Unit>
		<Extensions>
			<code_completion />
			<envvars />
			<debugger />
			<lib_finder disable_auto="1" />
		</Extensions>
	</Project>
</CodeBlocks_project_file>
